
Microsoft Visual Studio Solution File, Format Version 12.00
# Visual Studio Version 17
VisualStudioVersion = 17.7.34024.191
MinimumVisualStudioVersion = 10.0.40219.1
Project("{FAE04EC0-301F-11D3-BF4B-00C04F79EFBC}") = "tak", "tak\tak.csproj", "{8F952394-5F97-489E-95EA-14DDD638B840}"
EndProject
Global
	GlobalSection(SolutionConfigurationPlatforms) = preSolution
		Debug|Any CPU = Debug|Any CPU
		Release|Any CPU = Release|Any CPU
	EndGlobalSection
	GlobalSection(ProjectConfigurationPlatforms) = postSolution
		{8F952394-5F97-489E-95EA-14DDD638B840}.Debug|Any CPU.ActiveCfg = Debug|Any CPU
		{8F952394-5F97-489E-95EA-14DDD638B840}.Debug|Any CPU.Build.0 = Debug|Any CPU
		{8F952394-5F97-489E-95EA-14DDD638B840}.Release|Any CPU.ActiveCfg = Release|Any CPU
		{8F952394-5F97-489E-95EA-14DDD638B840}.Release|Any CPU.Build.0 = Release|Any CPU
	EndGlobalSection
	GlobalSection(SolutionProperties) = preSolution
		HideSolutionNode = FALSE
	EndGlobalSection
	GlobalSection(ExtensibilityGlobals) = postSolution
		SolutionGuid = {14B24DA3-F744-4DA7-8FAD-DD1578D714DC}
	EndGlobalSection
EndGlobal
