
Microsoft Visual Studio Solution File, Format Version 12.00
# Visual Studio Version 16
VisualStudioVersion = 16.0.32802.440
MinimumVisualStudioVersion = 10.0.40219.1
Project("{8BC9CEB8-8B4A-11D0-8D11-00A0C91BC942}") = "Class", "Class\Class.vcxproj", "{52F819F6-ACB5-4DC2-8785-25E00A44C17C}"
EndProject
Global
	GlobalSection(SolutionConfigurationPlatforms) = preSolution
		Debug|x64 = Debug|x64
		Debug|x86 = Debug|x86
		Release|x64 = Release|x64
		Release|x86 = Release|x86
	EndGlobalSection
	GlobalSection(ProjectConfigurationPlatforms) = postSolution
		{52F819F6-ACB5-4DC2-8785-25E00A44C17C}.Debug|x64.ActiveCfg = Debug|x64
		{52F819F6-ACB5-4DC2-8785-25E00A44C17C}.Debug|x64.Build.0 = Debug|x64
		{52F819F6-ACB5-4DC2-8785-25E00A44C17C}.Debug|x86.ActiveCfg = Debug|Win32
		{52F819F6-ACB5-4DC2-8785-25E00A44C17C}.Debug|x86.Build.0 = Debug|Win32
		{52F819F6-ACB5-4DC2-8785-25E00A44C17C}.Release|x64.ActiveCfg = Release|x64
		{52F819F6-ACB5-4DC2-8785-25E00A44C17C}.Release|x64.Build.0 = Release|x64
		{52F819F6-ACB5-4DC2-8785-25E00A44C17C}.Release|x86.ActiveCfg = Release|Win32
		{52F819F6-ACB5-4DC2-8785-25E00A44C17C}.Release|x86.Build.0 = Release|Win32
	EndGlobalSection
	GlobalSection(SolutionProperties) = preSolution
		HideSolutionNode = FALSE
	EndGlobalSection
	GlobalSection(ExtensibilityGlobals) = postSolution
		SolutionGuid = {C9411FC2-0E1B-48E3-B498-2511B55ACF49}
	EndGlobalSection
EndGlobal
